{
  "name": "@mikefesta/khronos-3d-commerce-validator",
  "version": "1.0.0-alpha.1",
  "lockfileVersion": 2,
  "requires": true,
  "packages": {
    "": {
      "name": "@mikefesta/khronos-3d-commerce-validator",
      "version": "1.0.0-alpha.1",
      "license": "SPDX-License-Identifier: Apache-2.0",
      "dependencies": {
        "gltf-validator": "^2.0.0-dev.3.9"
      },
      "devDependencies": {
        "@types/node": "^18.0.4",
        "typescript": "^4.7.4"
      }
    },
    "node_modules/@types/node": {
      "version": "18.0.4",
      "resolved": "https://registry.npmjs.org/@types/node/-/node-18.0.4.tgz",
      "integrity": "sha512-M0+G6V0Y4YV8cqzHssZpaNCqvYwlCiulmm0PwpNLF55r/+cT8Ol42CHRU1SEaYFH2rTwiiE1aYg/2g2rrtGdPA==",
      "dev": true
    },
    "node_modules/gltf-validator": {
      "version": "2.0.0-dev.3.9",
      "resolved": "https://registry.npmjs.org/gltf-validator/-/gltf-validator-2.0.0-dev.3.9.tgz",
      "integrity": "sha512-9nPcAgYJwT6sbml7S3/tC+N/BkqTUSL1u8GcmUQLuwToLR0ZH8CF3i/BhVqDwlg7OmKS2GGjjEcnU/oMMeIQUQ=="
    },
    "node_modules/typescript": {
      "version": "4.7.4",
      "resolved": "https://registry.npmjs.org/typescript/-/typescript-4.7.4.tgz",
      "integrity": "sha512-C0WQT0gezHuw6AdY1M2jxUO83Rjf0HP7Sk1DtXj6j1EwkQNZrHAg2XPWlq62oqEhYvONq5pkC2Y9oPljWToLmQ==",
      "dev": true,
      "bin": {
        "tsc": "bin/tsc",
        "tsserver": "bin/tsserver"
      },
      "engines": {
        "node": ">=4.2.0"
      }
    }
  },
  "dependencies": {
    "@types/node": {
      "version": "18.0.4",
      "resolved": "https://registry.npmjs.org/@types/node/-/node-18.0.4.tgz",
      "integrity": "sha512-M0+G6V0Y4YV8cqzHssZpaNCqvYwlCiulmm0PwpNLF55r/+cT8Ol42CHRU1SEaYFH2rTwiiE1aYg/2g2rrtGdPA==",
      "dev": true
    },
    "gltf-validator": {
      "version": "2.0.0-dev.3.9",
      "resolved": "https://registry.npmjs.org/gltf-validator/-/gltf-validator-2.0.0-dev.3.9.tgz",
      "integrity": "sha512-9nPcAgYJwT6sbml7S3/tC+N/BkqTUSL1u8GcmUQLuwToLR0ZH8CF3i/BhVqDwlg7OmKS2GGjjEcnU/oMMeIQUQ=="
    },
    "typescript": {
      "version": "4.7.4",
      "resolved": "https://registry.npmjs.org/typescript/-/typescript-4.7.4.tgz",
      "integrity": "sha512-C0WQT0gezHuw6AdY1M2jxUO83Rjf0HP7Sk1DtXj6j1EwkQNZrHAg2XPWlq62oqEhYvONq5pkC2Y9oPljWToLmQ==",
      "dev": true
    }
  }
}
